
Microsoft Visual Studio Solution File, Format Version 12.00
# Visual Studio Version 17
VisualStudioVersion = 17.4.33213.308
MinimumVisualStudioVersion = 10.0.40219.1
Project("{FAE04EC0-301F-11D3-BF4B-00C04F79EFBC}") = "Lab 3 Texteditor", "Lab 3 Texteditor\Lab 3 Texteditor.csproj", "{30F868BA-6C10-4EF0-842E-83FA5B016AAE}"
EndProject
Global
	GlobalSection(SolutionConfigurationPlatforms) = preSolution
		Debug|Any CPU = Debug|Any CPU
		Release|Any CPU = Release|Any CPU
	EndGlobalSection
	GlobalSection(ProjectConfigurationPlatforms) = postSolution
		{30F868BA-6C10-4EF0-842E-83FA5B016AAE}.Debug|Any CPU.ActiveCfg = Debug|Any CPU
		{30F868BA-6C10-4EF0-842E-83FA5B016AAE}.Debug|Any CPU.Build.0 = Debug|Any CPU
		{30F868BA-6C10-4EF0-842E-83FA5B016AAE}.Release|Any CPU.ActiveCfg = Release|Any CPU
		{30F868BA-6C10-4EF0-842E-83FA5B016AAE}.Release|Any CPU.Build.0 = Release|Any CPU
	EndGlobalSection
	GlobalSection(SolutionProperties) = preSolution
		HideSolutionNode = FALSE
	EndGlobalSection
	GlobalSection(ExtensibilityGlobals) = postSolution
		SolutionGuid = {6D9D1500-F0F1-4843-907B-4DD51CAE601C}
	EndGlobalSection
EndGlobal
